SITE
  remote: http://community.opscode.com/api/v1
  specs:
    dmg (1.1.0)
    homebrew (1.3.2)

GIT
  remote: https://github.com/pivotal/pivotal_workstation
  ref: master
  sha: a2c8ccdf661443cb05120efa2f2849da96668c2f
  specs:
    pivotal_workstation (1.0.0)
      dmg (>= 0.0.0)

DEPENDENCIES
  dmg (>= 0)
  homebrew (>= 0)
  pivotal_workstation (>= 0)

